
Microsoft Visual Studio Solution File, Format Version 12.00
# Visual Studio Version 17
VisualStudioVersion = 17.8.34525.116
MinimumVisualStudioVersion = 10.0.40219.1
Project("{FAE04EC0-301F-11D3-BF4B-00C04F79EFBC}") = "Week5LogicalOperators", "Week5LogicalOperators\Week5LogicalOperators.csproj", "{218982F9-82B2-43F8-8869-C2167AF86882}"
EndProject
Project("{FAE04EC0-301F-11D3-BF4B-00C04F79EFBC}") = "ANDOperator", "ANDOperator\ANDOperator.csproj", "{532568FB-5CE1-4951-8020-576468534D7C}"
EndProject
Project("{FAE04EC0-301F-11D3-BF4B-00C04F79EFBC}") = "OROperator", "OROperator\OROperator.csproj", "{B554132F-7AE0-491A-811E-F0735D1B3185}"
EndProject
Project("{FAE04EC0-301F-11D3-BF4B-00C04F79EFBC}") = "ANDRanges", "ANDRanges\ANDRanges.csproj", "{64B937DB-1A40-4242-9FFD-AF889D83688C}"
EndProject
Global
	GlobalSection(SolutionConfigurationPlatforms) = preSolution
		Debug|Any CPU = Debug|Any CPU
		Release|Any CPU = Release|Any CPU
	EndGlobalSection
	GlobalSection(ProjectConfigurationPlatforms) = postSolution
		{218982F9-82B2-43F8-8869-C2167AF86882}.Debug|Any CPU.ActiveCfg = Debug|Any CPU
		{218982F9-82B2-43F8-8869-C2167AF86882}.Debug|Any CPU.Build.0 = Debug|Any CPU
		{218982F9-82B2-43F8-8869-C2167AF86882}.Release|Any CPU.ActiveCfg = Release|Any CPU
		{218982F9-82B2-43F8-8869-C2167AF86882}.Release|Any CPU.Build.0 = Release|Any CPU
		{532568FB-5CE1-4951-8020-576468534D7C}.Debug|Any CPU.ActiveCfg = Debug|Any CPU
		{532568FB-5CE1-4951-8020-576468534D7C}.Debug|Any CPU.Build.0 = Debug|Any CPU
		{532568FB-5CE1-4951-8020-576468534D7C}.Release|Any CPU.ActiveCfg = Release|Any CPU
		{532568FB-5CE1-4951-8020-576468534D7C}.Release|Any CPU.Build.0 = Release|Any CPU
		{B554132F-7AE0-491A-811E-F0735D1B3185}.Debug|Any CPU.ActiveCfg = Debug|Any CPU
		{B554132F-7AE0-491A-811E-F0735D1B3185}.Debug|Any CPU.Build.0 = Debug|Any CPU
		{B554132F-7AE0-491A-811E-F0735D1B3185}.Release|Any CPU.ActiveCfg = Release|Any CPU
		{B554132F-7AE0-491A-811E-F0735D1B3185}.Release|Any CPU.Build.0 = Release|Any CPU
		{64B937DB-1A40-4242-9FFD-AF889D83688C}.Debug|Any CPU.ActiveCfg = Debug|Any CPU
		{64B937DB-1A40-4242-9FFD-AF889D83688C}.Debug|Any CPU.Build.0 = Debug|Any CPU
		{64B937DB-1A40-4242-9FFD-AF889D83688C}.Release|Any CPU.ActiveCfg = Release|Any CPU
		{64B937DB-1A40-4242-9FFD-AF889D83688C}.Release|Any CPU.Build.0 = Release|Any CPU
	EndGlobalSection
	GlobalSection(SolutionProperties) = preSolution
		HideSolutionNode = FALSE
	EndGlobalSection
	GlobalSection(ExtensibilityGlobals) = postSolution
		SolutionGuid = {E1E0010D-5781-447C-8E45-2B1724E1D627}
	EndGlobalSection
EndGlobal
